
Microsoft Visual Studio Solution File, Format Version 12.00
# TcXaeShell Solution File, Format Version 11.00
VisualStudioVersion = 15.0.33403.129
MinimumVisualStudioVersion = 10.0.40219.1
Project("{B1E792BE-AA5F-4E3C-8C82-674BF9C0715B}") = "TwinCAT Project1", "TwinCAT Project1\TwinCAT Project1.tsproj", "{BE509FC2-A5A8-45F4-83DB-B0FFFDEA7805}"
EndProject
Global
	GlobalSection(SolutionConfigurationPlatforms) = preSolution
		Debug|TwinCAT CE7 (ARMV7) = Debug|TwinCAT CE7 (ARMV7)
		Debug|TwinCAT OS (ARMT2) = Debug|TwinCAT OS (ARMT2)
		Debug|TwinCAT RT (x64) = Debug|TwinCAT RT (x64)
		Debug|TwinCAT RT (x86) = Debug|TwinCAT RT (x86)
		Release|TwinCAT CE7 (ARMV7) = Release|TwinCAT CE7 (ARMV7)
		Release|TwinCAT OS (ARMT2) = Release|TwinCAT OS (ARMT2)
		Release|TwinCAT RT (x64) = Release|TwinCAT RT (x64)
		Release|TwinCAT RT (x86) = Release|TwinCAT RT (x86)
	EndGlobalSection
	GlobalSection(ProjectConfigurationPlatforms) = postSolution
		{BE509FC2-A5A8-45F4-83DB-B0FFFDEA7805}.Debug|TwinCAT CE7 (ARMV7).ActiveCfg = Debug|TwinCAT CE7 (ARMV7)
		{BE509FC2-A5A8-45F4-83DB-B0FFFDEA7805}.Debug|TwinCAT CE7 (ARMV7).Build.0 = Debug|TwinCAT CE7 (ARMV7)
		{BE509FC2-A5A8-45F4-83DB-B0FFFDEA7805}.Debug|TwinCAT OS (ARMT2).ActiveCfg = Debug|TwinCAT OS (ARMT2)
		{BE509FC2-A5A8-45F4-83DB-B0FFFDEA7805}.Debug|TwinCAT OS (ARMT2).Build.0 = Debug|TwinCAT OS (ARMT2)
		{BE509FC2-A5A8-45F4-83DB-B0FFFDEA7805}.Debug|TwinCAT RT (x64).ActiveCfg = Debug|TwinCAT RT (x64)
		{BE509FC2-A5A8-45F4-83DB-B0FFFDEA7805}.Debug|TwinCAT RT (x64).Build.0 = Debug|TwinCAT RT (x64)
		{BE509FC2-A5A8-45F4-83DB-B0FFFDEA7805}.Debug|TwinCAT RT (x86).ActiveCfg = Debug|TwinCAT RT (x86)
		{BE509FC2-A5A8-45F4-83DB-B0FFFDEA7805}.Debug|TwinCAT RT (x86).Build.0 = Debug|TwinCAT RT (x86)
		{BE509FC2-A5A8-45F4-83DB-B0FFFDEA7805}.Release|TwinCAT CE7 (ARMV7).ActiveCfg = Release|TwinCAT CE7 (ARMV7)
		{BE509FC2-A5A8-45F4-83DB-B0FFFDEA7805}.Release|TwinCAT CE7 (ARMV7).Build.0 = Release|TwinCAT CE7 (ARMV7)
		{BE509FC2-A5A8-45F4-83DB-B0FFFDEA7805}.Release|TwinCAT OS (ARMT2).ActiveCfg = Release|TwinCAT OS (ARMT2)
		{BE509FC2-A5A8-45F4-83DB-B0FFFDEA7805}.Release|TwinCAT OS (ARMT2).Build.0 = Release|TwinCAT OS (ARMT2)
		{BE509FC2-A5A8-45F4-83DB-B0FFFDEA7805}.Release|TwinCAT RT (x64).ActiveCfg = Release|TwinCAT RT (x64)
		{BE509FC2-A5A8-45F4-83DB-B0FFFDEA7805}.Release|TwinCAT RT (x64).Build.0 = Release|TwinCAT RT (x64)
		{BE509FC2-A5A8-45F4-83DB-B0FFFDEA7805}.Release|TwinCAT RT (x86).ActiveCfg = Release|TwinCAT RT (x86)
		{BE509FC2-A5A8-45F4-83DB-B0FFFDEA7805}.Release|TwinCAT RT (x86).Build.0 = Release|TwinCAT RT (x86)
		{F354BD2C-CB20-4BA5-9651-5EF814682AC5}.Debug|TwinCAT CE7 (ARMV7).ActiveCfg = Debug|TwinCAT CE7 (ARMV7)
		{F354BD2C-CB20-4BA5-9651-5EF814682AC5}.Debug|TwinCAT CE7 (ARMV7).Build.0 = Debug|TwinCAT CE7 (ARMV7)
		{F354BD2C-CB20-4BA5-9651-5EF814682AC5}.Debug|TwinCAT OS (ARMT2).ActiveCfg = Debug|TwinCAT OS (ARMT2)
		{F354BD2C-CB20-4BA5-9651-5EF814682AC5}.Debug|TwinCAT OS (ARMT2).Build.0 = Debug|TwinCAT OS (ARMT2)
		{F354BD2C-CB20-4BA5-9651-5EF814682AC5}.Debug|TwinCAT RT (x64).ActiveCfg = Debug|TwinCAT RT (x64)
		{F354BD2C-CB20-4BA5-9651-5EF814682AC5}.Debug|TwinCAT RT (x64).Build.0 = Debug|TwinCAT RT (x64)
		{F354BD2C-CB20-4BA5-9651-5EF814682AC5}.Debug|TwinCAT RT (x86).ActiveCfg = Debug|TwinCAT RT (x86)
		{F354BD2C-CB20-4BA5-9651-5EF814682AC5}.Debug|TwinCAT RT (x86).Build.0 = Debug|TwinCAT RT (x86)
		{F354BD2C-CB20-4BA5-9651-5EF814682AC5}.Release|TwinCAT CE7 (ARMV7).ActiveCfg = Release|TwinCAT CE7 (ARMV7)
		{F354BD2C-CB20-4BA5-9651-5EF814682AC5}.Release|TwinCAT CE7 (ARMV7).Build.0 = Release|TwinCAT CE7 (ARMV7)
		{F354BD2C-CB20-4BA5-9651-5EF814682AC5}.Release|TwinCAT OS (ARMT2).ActiveCfg = Release|TwinCAT OS (ARMT2)
		{F354BD2C-CB20-4BA5-9651-5EF814682AC5}.Release|TwinCAT OS (ARMT2).Build.0 = Release|TwinCAT OS (ARMT2)
		{F354BD2C-CB20-4BA5-9651-5EF814682AC5}.Release|TwinCAT RT (x64).ActiveCfg = Release|TwinCAT RT (x64)
		{F354BD2C-CB20-4BA5-9651-5EF814682AC5}.Release|TwinCAT RT (x64).Build.0 = Release|TwinCAT RT (x64)
		{F354BD2C-CB20-4BA5-9651-5EF814682AC5}.Release|TwinCAT RT (x86).ActiveCfg = Release|TwinCAT RT (x86)
		{F354BD2C-CB20-4BA5-9651-5EF814682AC5}.Release|TwinCAT RT (x86).Build.0 = Release|TwinCAT RT (x86)
	EndGlobalSection
	GlobalSection(SolutionProperties) = preSolution
		HideSolutionNode = FALSE
	EndGlobalSection
	GlobalSection(ExtensibilityGlobals) = postSolution
		SolutionGuid = {82F3CB68-E5FC-4AC3-BB41-E8B05D180239}
	EndGlobalSection
EndGlobal
